
Microsoft Visual Studio Solution File, Format Version 12.00
# Visual Studio 14
VisualStudioVersion = 14.0.25420.1
MinimumVisualStudioVersion = 10.0.40219.1
Project("{FAE04EC0-301F-11D3-BF4B-00C04F79EFBC}") = "OnlineShop2", "OnlineShop2\OnlineShop2.csproj", "{5136ABB4-7234-45B2-B193-83358848B050}"
EndProject
Project("{FAE04EC0-301F-11D3-BF4B-00C04F79EFBC}") = "Model", "Model\Model.csproj", "{FCD60345-5DDC-468E-BD1D-001857C59D27}"
EndProject
Global
	GlobalSection(SolutionConfigurationPlatforms) = preSolution
		Debug|Any CPU = Debug|Any CPU
		Release|Any CPU = Release|Any CPU
	EndGlobalSection
	GlobalSection(ProjectConfigurationPlatforms) = postSolution
		{5136ABB4-7234-45B2-B193-83358848B050}.Debug|Any CPU.ActiveCfg = Debug|Any CPU
		{5136ABB4-7234-45B2-B193-83358848B050}.Debug|Any CPU.Build.0 = Debug|Any CPU
		{5136ABB4-7234-45B2-B193-83358848B050}.Release|Any CPU.ActiveCfg = Release|Any CPU
		{5136ABB4-7234-45B2-B193-83358848B050}.Release|Any CPU.Build.0 = Release|Any CPU
		{FCD60345-5DDC-468E-BD1D-001857C59D27}.Debug|Any CPU.ActiveCfg = Debug|Any CPU
		{FCD60345-5DDC-468E-BD1D-001857C59D27}.Debug|Any CPU.Build.0 = Debug|Any CPU
		{FCD60345-5DDC-468E-BD1D-001857C59D27}.Release|Any CPU.ActiveCfg = Release|Any CPU
		{FCD60345-5DDC-468E-BD1D-001857C59D27}.Release|Any CPU.Build.0 = Release|Any CPU
	EndGlobalSection
	GlobalSection(SolutionProperties) = preSolution
		HideSolutionNode = FALSE
	EndGlobalSection
EndGlobal
